// !$*UTF8*$!
{
	archiveVersion = 1;
	classes = {
	};
	objectVersion = 51;
	objects = {

/* Begin PBXBuildFile section */
		E70F0A1423A64756000DD912 /* Fixture.swift in Sources */ = {isa = PBXBuildFile; fileRef = E70F0A1323A64756000DD912 /* Fixture.swift */; };
		E71BE6D223A3159C00F33E07 /* Location.swift in Sources */ = {isa = PBXBuildFile; fileRef = E71BE6D123A3159C00F33E07 /* Location.swift */; };
		E71BE6D423A315A500F33E07 /* Temperature.swift in Sources */ = {isa = PBXBuildFile; fileRef = E71BE6D323A315A500F33E07 /* Temperature.swift */; };
		E71BE6D623A315AF00F33E07 /* Detail.swift in Sources */ = {isa = PBXBuildFile; fileRef = E71BE6D523A315AF00F33E07 /* Detail.swift */; };
		E71BE6D823A315B600F33E07 /* Wind.swift in Sources */ = {isa = PBXBuildFile; fileRef = E71BE6D723A315B600F33E07 /* Wind.swift */; };
		E71BE6DB23A316F700F33E07 /* Dictionary.swift in Sources */ = {isa = PBXBuildFile; fileRef = E71BE6DA23A316F700F33E07 /* Dictionary.swift */; };
		E71BE6DD23A31F1000F33E07 /* Weather.swift in Sources */ = {isa = PBXBuildFile; fileRef = E71BE6DC23A31F1000F33E07 /* Weather.swift */; };
		E71BE6E023A4CE2800F33E07 /* SearchCoordinator.swift in Sources */ = {isa = PBXBuildFile; fileRef = E71BE6DF23A4CE2800F33E07 /* SearchCoordinator.swift */; };
		E71BE6E523A4CF0600F33E07 /* SearchViewModel.swift in Sources */ = {isa = PBXBuildFile; fileRef = E71BE6E423A4CF0600F33E07 /* SearchViewModel.swift */; };
		E71BE6E923A4CF1C00F33E07 /* SearchViewController.swift in Sources */ = {isa = PBXBuildFile; fileRef = E71BE6E823A4CF1C00F33E07 /* SearchViewController.swift */; };
		E71BE6EB23A4D29F00F33E07 /* UIViewController.swift in Sources */ = {isa = PBXBuildFile; fileRef = E71BE6EA23A4D29F00F33E07 /* UIViewController.swift */; };
		E71BE6EE23A504CC00F33E07 /* LocationWrapper.swift in Sources */ = {isa = PBXBuildFile; fileRef = E71BE6ED23A504CC00F33E07 /* LocationWrapper.swift */; };
		E71BE6F023A50FB200F33E07 /* CurrentUserLocationUseCase.swift in Sources */ = {isa = PBXBuildFile; fileRef = E71BE6EF23A50FB200F33E07 /* CurrentUserLocationUseCase.swift */; };
		E71BE6F423A516F300F33E07 /* FetchWeatherForCoordinateUseCase.swift in Sources */ = {isa = PBXBuildFile; fileRef = E71BE6F323A516F300F33E07 /* FetchWeatherForCoordinateUseCase.swift */; };
		E71BE6F723A5CDC100F33E07 /* Persistence.swift in Sources */ = {isa = PBXBuildFile; fileRef = E71BE6F623A5CDC100F33E07 /* Persistence.swift */; };
		E71BE6FA23A5CEC000F33E07 /* PersistenceInterface.swift in Sources */ = {isa = PBXBuildFile; fileRef = E71BE6F923A5CEC000F33E07 /* PersistenceInterface.swift */; };
		E71BE6FC23A5CF8C00F33E07 /* UserDefaultsInterface.swift in Sources */ = {isa = PBXBuildFile; fileRef = E71BE6FB23A5CF8C00F33E07 /* UserDefaultsInterface.swift */; };
		E71BE6FE23A5D4AF00F33E07 /* StoreSearchedLocationUseCase.swift in Sources */ = {isa = PBXBuildFile; fileRef = E71BE6FD23A5D4AF00F33E07 /* StoreSearchedLocationUseCase.swift */; };
		E71BE70023A5D5F400F33E07 /* RetrieveLastSearchedLocationUseCase.swift in Sources */ = {isa = PBXBuildFile; fileRef = E71BE6FF23A5D5F400F33E07 /* RetrieveLastSearchedLocationUseCase.swift */; };
		E71BE70423A5DB4C00F33E07 /* RecentSearchesDataSource.swift in Sources */ = {isa = PBXBuildFile; fileRef = E71BE70323A5DB4C00F33E07 /* RecentSearchesDataSource.swift */; };
		E71BE70623A5E2CD00F33E07 /* RetrieveSearchedLocationsUseCase.swift in Sources */ = {isa = PBXBuildFile; fileRef = E71BE70523A5E2CD00F33E07 /* RetrieveSearchedLocationsUseCase.swift */; };
		E71BE70823A5F67500F33E07 /* RemoveStoredLocationUseCase.swift in Sources */ = {isa = PBXBuildFile; fileRef = E71BE70723A5F67500F33E07 /* RemoveStoredLocationUseCase.swift */; };
		E71BE71523A60ECC00F33E07 /* AutoMockable.generated.swift in Sources */ = {isa = PBXBuildFile; fileRef = E71BE70F23A60ECC00F33E07 /* AutoMockable.generated.swift */; };
		E71BE71823A60EE400F33E07 /* SourceryProtocols.swift in Sources */ = {isa = PBXBuildFile; fileRef = E71BE71723A60EE400F33E07 /* SourceryProtocols.swift */; };
		E71BE71C23A6375E00F33E07 /* DictionaryTests.swift in Sources */ = {isa = PBXBuildFile; fileRef = E71BE71B23A6375E00F33E07 /* DictionaryTests.swift */; };
		E71BE72023A63C1100F33E07 /* WeatherRepositoryTests.swift in Sources */ = {isa = PBXBuildFile; fileRef = E71BE71F23A63C1100F33E07 /* WeatherRepositoryTests.swift */; };
		E7752BE223A2344500D39364 /* Coordinator.swift in Sources */ = {isa = PBXBuildFile; fileRef = E7752BE123A2344400D39364 /* Coordinator.swift */; };
		E7752BE423A2348C00D39364 /* AppCoordinator.swift in Sources */ = {isa = PBXBuildFile; fileRef = E7752BE323A2348C00D39364 /* AppCoordinator.swift */; };
		E7752BE723A23C5400D39364 /* WeatherCoordinator.swift in Sources */ = {isa = PBXBuildFile; fileRef = E7752BE623A23C5400D39364 /* WeatherCoordinator.swift */; };
		E7752BED23A23D5900D39364 /* WeatherViewModel.swift in Sources */ = {isa = PBXBuildFile; fileRef = E7752BEC23A23D5900D39364 /* WeatherViewModel.swift */; };
		E78080C123A64B760058BDB6 /* sample_successful_request.fixture in Resources */ = {isa = PBXBuildFile; fileRef = E70F0A1123A64702000DD912 /* sample_successful_request.fixture */; };
		E78080C523A651770058BDB6 /* CurrentUserLocationUseCaseTests.swift in Sources */ = {isa = PBXBuildFile; fileRef = E78080C423A651770058BDB6 /* CurrentUserLocationUseCaseTests.swift */; };
		E78080C723A656530058BDB6 /* FetchLastLocationWeatherUseCaseTests.swift in Sources */ = {isa = PBXBuildFile; fileRef = E78080C623A656530058BDB6 /* FetchLastLocationWeatherUseCaseTests.swift */; };
		E78080C923A6599C0058BDB6 /* FetchWeatherForCoordinateUseCaseTests.swift in Sources */ = {isa = PBXBuildFile; fileRef = E78080C823A6599C0058BDB6 /* FetchWeatherForCoordinateUseCaseTests.swift */; };
		E78080CB23A65BCC0058BDB6 /* FetchWeatherForLocationUseCaseTests.swift in Sources */ = {isa = PBXBuildFile; fileRef = E78080CA23A65BCC0058BDB6 /* FetchWeatherForLocationUseCaseTests.swift */; };
		E78080CD23A65FC80058BDB6 /* GetWeatherIconForLocationUseCaseTests.swift in Sources */ = {isa = PBXBuildFile; fileRef = E78080CC23A65FC80058BDB6 /* GetWeatherIconForLocationUseCaseTests.swift */; };
		E78080CF23A6619D0058BDB6 /* RemoveStoredLocationUseCaseTests.swift in Sources */ = {isa = PBXBuildFile; fileRef = E78080CE23A6619D0058BDB6 /* RemoveStoredLocationUseCaseTests.swift */; };
		E78080D123A663560058BDB6 /* RetrieveLastSearchedLocationUseCaseTests.swift in Sources */ = {isa = PBXBuildFile; fileRef = E78080D023A663560058BDB6 /* RetrieveLastSearchedLocationUseCaseTests.swift */; };
		E78080D323A663F40058BDB6 /* RetrieveSearchedLocationsUseCaseTests.swift in Sources */ = {isa = PBXBuildFile; fileRef = E78080D223A663F40058BDB6 /* RetrieveSearchedLocationsUseCaseTests.swift */; };
		E78AB02423A2411B005A4A16 /* WeatherViewController.swift in Sources */ = {isa = PBXBuildFile; fileRef = E78AB02323A2411B005A4A16 /* WeatherViewController.swift */; };
		E78AB02823A25913005A4A16 /* FetchWeatherForLocationUseCase.swift in Sources */ = {isa = PBXBuildFile; fileRef = E78AB02723A25913005A4A16 /* FetchWeatherForLocationUseCase.swift */; };
		E78AB02A23A2592C005A4A16 /* FetchLastLocationWeatherUseCase.swift in Sources */ = {isa = PBXBuildFile; fileRef = E78AB02923A2592C005A4A16 /* FetchLastLocationWeatherUseCase.swift */; };
		E78AB02C23A25944005A4A16 /* GetWeatherIconForLocationUseCase.swift in Sources */ = {isa = PBXBuildFile; fileRef = E78AB02B23A25944005A4A16 /* GetWeatherIconForLocationUseCase.swift */; };
		E78AB03023A25EA8005A4A16 /* WeatherRepository.swift in Sources */ = {isa = PBXBuildFile; fileRef = E78AB02F23A25EA8005A4A16 /* WeatherRepository.swift */; };
		E78AB03323A25F66005A4A16 /* UseCase.swift in Sources */ = {isa = PBXBuildFile; fileRef = E78AB03223A25F66005A4A16 /* UseCase.swift */; };
		E78AB03A23A2756B005A4A16 /* WeatherClient.swift in Sources */ = {isa = PBXBuildFile; fileRef = E78AB03923A2756B005A4A16 /* WeatherClient.swift */; };
		E78AB03E23A275BB005A4A16 /* WeatherClientInterface.swift in Sources */ = {isa = PBXBuildFile; fileRef = E78AB03D23A275BB005A4A16 /* WeatherClientInterface.swift */; };
		E78AB04223A276D3005A4A16 /* HttpClientInterface.swift in Sources */ = {isa = PBXBuildFile; fileRef = E78AB04123A276D3005A4A16 /* HttpClientInterface.swift */; };
		E7AA702323A20ADD0076A9E2 /* AppDelegate.swift in Sources */ = {isa = PBXBuildFile; fileRef = E7AA702223A20ADD0076A9E2 /* AppDelegate.swift */; };
		E7AA702923A20ADE0076A9E2 /* Assets.xcassets in Resources */ = {isa = PBXBuildFile; fileRef = E7AA702823A20ADE0076A9E2 /* Assets.xcassets */; };
		E7AA702F23A20ADE0076A9E2 /* LaunchScreen.storyboard in Resources */ = {isa = PBXBuildFile; fileRef = E7AA702D23A20ADE0076A9E2 /* LaunchScreen.storyboard */; };
		FBDE9C58E924BA7B2FD29784 /* Pods_WeatherApp.framework in Frameworks */ = {isa = PBXBuildFile; fileRef = 528358ED0E2C883E1A0DD478 /* Pods_WeatherApp.framework */; };
/* End PBXBuildFile section */

/* Begin PBXContainerItemProxy section */
		E7AA703623A20ADE0076A9E2 /* PBXContainerItemProxy */ = {
			isa = PBXContainerItemProxy;
			containerPortal = E7AA701723A20ADD0076A9E2 /* Project object */;
			proxyType = 1;
			remoteGlobalIDString = E7AA701E23A20ADD0076A9E2;
			remoteInfo = WeatherApp;
		};
/* End PBXContainerItemProxy section */

/* Begin PBXFileReference section */
		528358ED0E2C883E1A0DD478 /* Pods_WeatherApp.framework */ = {isa = PBXFileReference; explicitFileType = wrapper.framework; includeInIndex = 0; path = Pods_WeatherApp.framework; sourceTree = BUILT_PRODUCTS_DIR; };
		5575FE91E7746AB13C96DB97 /* Pods-WeatherApp.release.xcconfig */ = {isa = PBXFileReference; includeInIndex = 1; lastKnownFileType = text.xcconfig; name = "Pods-WeatherApp.release.xcconfig"; path = "Target Support Files/Pods-WeatherApp/Pods-WeatherApp.release.xcconfig"; sourceTree = "<group>"; };
		E70F0A1123A64702000DD912 /* sample_successful_request.fixture */ = {isa = PBXFileReference; lastKnownFileType = text; path = sample_successful_request.fixture; sourceTree = "<group>"; };
		E70F0A1323A64756000DD912 /* Fixture.swift */ = {isa = PBXFileReference; lastKnownFileType = sourcecode.swift; path = Fixture.swift; sourceTree = "<group>"; };
		E71BE6D123A3159C00F33E07 /* Location.swift */ = {isa = PBXFileReference; lastKnownFileType = sourcecode.swift; path = Location.swift; sourceTree = "<group>"; };
		E71BE6D323A315A500F33E07 /* Temperature.swift */ = {isa = PBXFileReference; lastKnownFileType = sourcecode.swift; path = Temperature.swift; sourceTree = "<group>"; };
		E71BE6D523A315AF00F33E07 /* Detail.swift */ = {isa = PBXFileReference; lastKnownFileType = sourcecode.swift; path = Detail.swift; sourceTree = "<group>"; };
		E71BE6D723A315B600F33E07 /* Wind.swift */ = {isa = PBXFileReference; lastKnownFileType = sourcecode.swift; path = Wind.swift; sourceTree = "<group>"; };
		E71BE6DA23A316F700F33E07 /* Dictionary.swift */ = {isa = PBXFileReference; lastKnownFileType = sourcecode.swift; path = Dictionary.swift; sourceTree = "<group>"; };
		E71BE6DC23A31F1000F33E07 /* Weather.swift */ = {isa = PBXFileReference; lastKnownFileType = sourcecode.swift; path = Weather.swift; sourceTree = "<group>"; };
		E71BE6DF23A4CE2800F33E07 /* SearchCoordinator.swift */ = {isa = PBXFileReference; lastKnownFileType = sourcecode.swift; path = SearchCoordinator.swift; sourceTree = "<group>"; };
		E71BE6E423A4CF0600F33E07 /* SearchViewModel.swift */ = {isa = PBXFileReference; lastKnownFileType = sourcecode.swift; path = SearchViewModel.swift; sourceTree = "<group>"; };
		E71BE6E823A4CF1C00F33E07 /* SearchViewController.swift */ = {isa = PBXFileReference; lastKnownFileType = sourcecode.swift; path = SearchViewController.swift; sourceTree = "<group>"; };
		E71BE6EA23A4D29F00F33E07 /* UIViewController.swift */ = {isa = PBXFileReference; lastKnownFileType = sourcecode.swift; path = UIViewController.swift; sourceTree = "<group>"; };
		E71BE6ED23A504CC00F33E07 /* LocationWrapper.swift */ = {isa = PBXFileReference; lastKnownFileType = sourcecode.swift; path = LocationWrapper.swift; sourceTree = "<group>"; };
		E71BE6EF23A50FB200F33E07 /* CurrentUserLocationUseCase.swift */ = {isa = PBXFileReference; lastKnownFileType = sourcecode.swift; path = CurrentUserLocationUseCase.swift; sourceTree = "<group>"; };
		E71BE6F323A516F300F33E07 /* FetchWeatherForCoordinateUseCase.swift */ = {isa = PBXFileReference; lastKnownFileType = sourcecode.swift; path = FetchWeatherForCoordinateUseCase.swift; sourceTree = "<group>"; };
		E71BE6F623A5CDC100F33E07 /* Persistence.swift */ = {isa = PBXFileReference; lastKnownFileType = sourcecode.swift; path = Persistence.swift; sourceTree = "<group>"; };
		E71BE6F923A5CEC000F33E07 /* PersistenceInterface.swift */ = {isa = PBXFileReference; lastKnownFileType = sourcecode.swift; path = PersistenceInterface.swift; sourceTree = "<group>"; };
		E71BE6FB23A5CF8C00F33E07 /* UserDefaultsInterface.swift */ = {isa = PBXFileReference; lastKnownFileType = sourcecode.swift; path = UserDefaultsInterface.swift; sourceTree = "<group>"; };
		E71BE6FD23A5D4AF00F33E07 /* StoreSearchedLocationUseCase.swift */ = {isa = PBXFileReference; lastKnownFileType = sourcecode.swift; path = StoreSearchedLocationUseCase.swift; sourceTree = "<group>"; };
		E71BE6FF23A5D5F400F33E07 /* RetrieveLastSearchedLocationUseCase.swift */ = {isa = PBXFileReference; lastKnownFileType = sourcecode.swift; path = RetrieveLastSearchedLocationUseCase.swift; sourceTree = "<group>"; };
		E71BE70323A5DB4C00F33E07 /* RecentSearchesDataSource.swift */ = {isa = PBXFileReference; lastKnownFileType = sourcecode.swift; path = RecentSearchesDataSource.swift; sourceTree = "<group>"; };
		E71BE70523A5E2CD00F33E07 /* RetrieveSearchedLocationsUseCase.swift */ = {isa = PBXFileReference; lastKnownFileType = sourcecode.swift; path = RetrieveSearchedLocationsUseCase.swift; sourceTree = "<group>"; };
		E71BE70723A5F67500F33E07 /* RemoveStoredLocationUseCase.swift */ = {isa = PBXFileReference; lastKnownFileType = sourcecode.swift; path = RemoveStoredLocationUseCase.swift; sourceTree = "<group>"; };
		E71BE70F23A60ECC00F33E07 /* AutoMockable.generated.swift */ = {isa = PBXFileReference; fileEncoding = 4; lastKnownFileType = sourcecode.swift; path = AutoMockable.generated.swift; sourceTree = "<group>"; };
		E71BE71723A60EE400F33E07 /* SourceryProtocols.swift */ = {isa = PBXFileReference; lastKnownFileType = sourcecode.swift; path = SourceryProtocols.swift; sourceTree = "<group>"; };
		E71BE71B23A6375E00F33E07 /* DictionaryTests.swift */ = {isa = PBXFileReference; lastKnownFileType = sourcecode.swift; path = DictionaryTests.swift; sourceTree = "<group>"; };
		E71BE71F23A63C1100F33E07 /* WeatherRepositoryTests.swift */ = {isa = PBXFileReference; lastKnownFileType = sourcecode.swift; path = WeatherRepositoryTests.swift; sourceTree = "<group>"; };
		E7752BE123A2344400D39364 /* Coordinator.swift */ = {isa = PBXFileReference; lastKnownFileType = sourcecode.swift; path = Coordinator.swift; sourceTree = "<group>"; };
		E7752BE323A2348C00D39364 /* AppCoordinator.swift */ = {isa = PBXFileReference; lastKnownFileType = sourcecode.swift; path = AppCoordinator.swift; sourceTree = "<group>"; };
		E7752BE623A23C5400D39364 /* WeatherCoordinator.swift */ = {isa = PBXFileReference; lastKnownFileType = sourcecode.swift; path = WeatherCoordinator.swift; sourceTree = "<group>"; };
		E7752BEC23A23D5900D39364 /* WeatherViewModel.swift */ = {isa = PBXFileReference; lastKnownFileType = sourcecode.swift; path = WeatherViewModel.swift; sourceTree = "<group>"; };
		E78080C423A651770058BDB6 /* CurrentUserLocationUseCaseTests.swift */ = {isa = PBXFileReference; lastKnownFileType = sourcecode.swift; path = CurrentUserLocationUseCaseTests.swift; sourceTree = "<group>"; };
		E78080C623A656530058BDB6 /* FetchLastLocationWeatherUseCaseTests.swift */ = {isa = PBXFileReference; lastKnownFileType = sourcecode.swift; path = FetchLastLocationWeatherUseCaseTests.swift; sourceTree = "<group>"; };
		E78080C823A6599C0058BDB6 /* FetchWeatherForCoordinateUseCaseTests.swift */ = {isa = PBXFileReference; lastKnownFileType = sourcecode.swift; path = FetchWeatherForCoordinateUseCaseTests.swift; sourceTree = "<group>"; };
		E78080CA23A65BCC0058BDB6 /* FetchWeatherForLocationUseCaseTests.swift */ = {isa = PBXFileReference; lastKnownFileType = sourcecode.swift; path = FetchWeatherForLocationUseCaseTests.swift; sourceTree = "<group>"; };
		E78080CC23A65FC80058BDB6 /* GetWeatherIconForLocationUseCaseTests.swift */ = {isa = PBXFileReference; lastKnownFileType = sourcecode.swift; path = GetWeatherIconForLocationUseCaseTests.swift; sourceTree = "<group>"; };
		E78080CE23A6619D0058BDB6 /* RemoveStoredLocationUseCaseTests.swift */ = {isa = PBXFileReference; lastKnownFileType = sourcecode.swift; path = RemoveStoredLocationUseCaseTests.swift; sourceTree = "<group>"; };
		E78080D023A663560058BDB6 /* RetrieveLastSearchedLocationUseCaseTests.swift */ = {isa = PBXFileReference; lastKnownFileType = sourcecode.swift; path = RetrieveLastSearchedLocationUseCaseTests.swift; sourceTree = "<group>"; };
		E78080D223A663F40058BDB6 /* RetrieveSearchedLocationsUseCaseTests.swift */ = {isa = PBXFileReference; lastKnownFileType = sourcecode.swift; path = RetrieveSearchedLocationsUseCaseTests.swift; sourceTree = "<group>"; };
		E78AB02323A2411B005A4A16 /* WeatherViewController.swift */ = {isa = PBXFileReference; lastKnownFileType = sourcecode.swift; path = WeatherViewController.swift; sourceTree = "<group>"; };
		E78AB02723A25913005A4A16 /* FetchWeatherForLocationUseCase.swift */ = {isa = PBXFileReference; lastKnownFileType = sourcecode.swift; path = FetchWeatherForLocationUseCase.swift; sourceTree = "<group>"; };
		E78AB02923A2592C005A4A16 /* FetchLastLocationWeatherUseCase.swift */ = {isa = PBXFileReference; lastKnownFileType = sourcecode.swift; path = FetchLastLocationWeatherUseCase.swift; sourceTree = "<group>"; };
		E78AB02B23A25944005A4A16 /* GetWeatherIconForLocationUseCase.swift */ = {isa = PBXFileReference; lastKnownFileType = sourcecode.swift; path = GetWeatherIconForLocationUseCase.swift; sourceTree = "<group>"; };
		E78AB02F23A25EA8005A4A16 /* WeatherRepository.swift */ = {isa = PBXFileReference; lastKnownFileType = sourcecode.swift; path = WeatherRepository.swift; sourceTree = "<group>"; };
		E78AB03223A25F66005A4A16 /* UseCase.swift */ = {isa = PBXFileReference; lastKnownFileType = sourcecode.swift; path = UseCase.swift; sourceTree = "<group>"; };
		E78AB03923A2756B005A4A16 /* WeatherClient.swift */ = {isa = PBXFileReference; lastKnownFileType = sourcecode.swift; path = WeatherClient.swift; sourceTree = "<group>"; };
		E78AB03D23A275BB005A4A16 /* WeatherClientInterface.swift */ = {isa = PBXFileReference; lastKnownFileType = sourcecode.swift; path = WeatherClientInterface.swift; sourceTree = "<group>"; };
		E78AB04123A276D3005A4A16 /* HttpClientInterface.swift */ = {isa = PBXFileReference; lastKnownFileType = sourcecode.swift; path = HttpClientInterface.swift; sourceTree = "<group>"; };
		E7AA701F23A20ADD0076A9E2 /* WeatherApp.app */ = {isa = PBXFileReference; explicitFileType = wrapper.application; includeInIndex = 0; path = WeatherApp.app; sourceTree = BUILT_PRODUCTS_DIR; };
		E7AA702223A20ADD0076A9E2 /* AppDelegate.swift */ = {isa = PBXFileReference; lastKnownFileType = sourcecode.swift; path = AppDelegate.swift; sourceTree = "<group>"; };
		E7AA702823A20ADE0076A9E2 /* Assets.xcassets */ = {isa = PBXFileReference; lastKnownFileType = folder.assetcatalog; path = Assets.xcassets; sourceTree = "<group>"; };
		E7AA702E23A20ADE0076A9E2 /* Base */ = {isa = PBXFileReference; lastKnownFileType = file.storyboard; name = Base; path = Base.lproj/LaunchScreen.storyboard; sourceTree = "<group>"; };
		E7AA703023A20ADE0076A9E2 /* Info.plist */ = {isa = PBXFileReference; lastKnownFileType = text.plist.xml; path = Info.plist; sourceTree = "<group>"; };
		E7AA703523A20ADE0076A9E2 /* WeatherAppTests.xctest */ = {isa = PBXFileReference; explicitFileType = wrapper.cfbundle; includeInIndex = 0; path = WeatherAppTests.xctest; sourceTree = BUILT_PRODUCTS_DIR; };
		E7AA703B23A20ADE0076A9E2 /* Info.plist */ = {isa = PBXFileReference; lastKnownFileType = text.plist.xml; path = Info.plist; sourceTree = "<group>"; };
		F4E3236BCE687E47F29D05E6 /* Pods-WeatherApp.debug.xcconfig */ = {isa = PBXFileReference; includeInIndex = 1; lastKnownFileType = text.xcconfig; name = "Pods-WeatherApp.debug.xcconfig"; path = "Target Support Files/Pods-WeatherApp/Pods-WeatherApp.debug.xcconfig"; sourceTree = "<group>"; };
/* End PBXFileReference section */

/* Begin PBXFrameworksBuildPhase section */
		E7AA701C23A20ADD0076A9E2 /* Frameworks */ = {
			isa = PBXFrameworksBuildPhase;
			buildActionMask = 2147483647;
			files = (
				FBDE9C58E924BA7B2FD29784 /* Pods_WeatherApp.framework in Frameworks */,
			);
			runOnlyForDeploymentPostprocessing = 0;
		};
		E7AA703223A20ADE0076A9E2 /* Frameworks */ = {
			isa = PBXFrameworksBuildPhase;
			buildActionMask = 2147483647;
			files = (
			);
			runOnlyForDeploymentPostprocessing = 0;
		};
/* End PBXFrameworksBuildPhase section */

/* Begin PBXGroup section */
		5DAECA0AFD735FEA0C1E7012 /* Frameworks */ = {
			isa = PBXGroup;
			children = (
				528358ED0E2C883E1A0DD478 /* Pods_WeatherApp.framework */,
			);
			name = Frameworks;
			sourceTree = "<group>";
		};
		A780D23F53AF7E92FAB8705B /* Pods */ = {
			isa = PBXGroup;
			children = (
				F4E3236BCE687E47F29D05E6 /* Pods-WeatherApp.debug.xcconfig */,
				5575FE91E7746AB13C96DB97 /* Pods-WeatherApp.release.xcconfig */,
			);
			name = Pods;
			path = ../Pods;
			sourceTree = "<group>";
		};
		E70F0A1023A646E1000DD912 /* Fixtures */ = {
			isa = PBXGroup;
			children = (
				E70F0A1123A64702000DD912 /* sample_successful_request.fixture */,
			);
			path = Fixtures;
			sourceTree = "<group>";
		};
		E71BE6D923A316ED00F33E07 /* Extensions */ = {
			isa = PBXGroup;
			children = (
				E71BE6DA23A316F700F33E07 /* Dictionary.swift */,
				E71BE6EA23A4D29F00F33E07 /* UIViewController.swift */,
				E71BE6FB23A5CF8C00F33E07 /* UserDefaultsInterface.swift */,
			);
			path = Extensions;
			sourceTree = "<group>";
		};
		E71BE6DE23A4CE1700F33E07 /* Search */ = {
			isa = PBXGroup;
			children = (
				E71BE6DF23A4CE2800F33E07 /* SearchCoordinator.swift */,
			);
			path = Search;
			sourceTree = "<group>";
		};
		E71BE6E123A4CEE700F33E07 /* Search */ = {
			isa = PBXGroup;
			children = (
				E71BE70223A5DB2D00F33E07 /* DataSources */,
				E71BE6E323A4CEF400F33E07 /* ViewModels */,
				E71BE6E223A4CEED00F33E07 /* ViewControllers */,
			);
			path = Search;
			sourceTree = "<group>";
		};
		E71BE6E223A4CEED00F33E07 /* ViewControllers */ = {
			isa = PBXGroup;
			children = (
				E71BE6E823A4CF1C00F33E07 /* SearchViewController.swift */,
			);
			path = ViewControllers;
			sourceTree = "<group>";
		};
		E71BE6E323A4CEF400F33E07 /* ViewModels */ = {
			isa = PBXGroup;
			children = (
				E71BE6E423A4CF0600F33E07 /* SearchViewModel.swift */,
			);
			path = ViewModels;
			sourceTree = "<group>";
		};
		E71BE6EC23A504BD00F33E07 /* Location */ = {
			isa = PBXGroup;
			children = (
				E71BE6ED23A504CC00F33E07 /* LocationWrapper.swift */,
			);
			path = Location;
			sourceTree = "<group>";
		};
		E71BE6F523A5CD9200F33E07 /* Persistence */ = {
			isa = PBXGroup;
			children = (
				E71BE6F623A5CDC100F33E07 /* Persistence.swift */,
			);
			path = Persistence;
			sourceTree = "<group>";
		};
		E71BE6F823A5CEA800F33E07 /* Persistence */ = {
			isa = PBXGroup;
			children = (
				E71BE6F923A5CEC000F33E07 /* PersistenceInterface.swift */,
			);
			path = Persistence;
			sourceTree = "<group>";
		};
		E71BE70223A5DB2D00F33E07 /* DataSources */ = {
			isa = PBXGroup;
			children = (
				E71BE70323A5DB4C00F33E07 /* RecentSearchesDataSource.swift */,
			);
			path = DataSources;
			sourceTree = "<group>";
		};
		E71BE70A23A60ECC00F33E07 /* Sourcery */ = {
			isa = PBXGroup;
			children = (
				E71BE70B23A60ECC00F33E07 /* Generated */,
				E71BE71123A60ECC00F33E07 /* Protocols */,
			);
			name = Sourcery;
			path = ../Sourcery;
			sourceTree = "<group>";
		};
		E71BE70B23A60ECC00F33E07 /* Generated */ = {
			isa = PBXGroup;
			children = (
				E71BE70F23A60ECC00F33E07 /* AutoMockable.generated.swift */,
			);
			path = Generated;
			sourceTree = "<group>";
		};
		E71BE71123A60ECC00F33E07 /* Protocols */ = {
			isa = PBXGroup;
			children = (
				E71BE71723A60EE400F33E07 /* SourceryProtocols.swift */,
			);
			path = Protocols;
			sourceTree = "<group>";
		};
		E71BE71923A6373B00F33E07 /* Common */ = {
			isa = PBXGroup;
			children = (
				E71BE71A23A6374300F33E07 /* Extensions */,
			);
			path = Common;
			sourceTree = "<group>";
		};
		E71BE71A23A6374300F33E07 /* Extensions */ = {
			isa = PBXGroup;
			children = (
				E71BE71B23A6375E00F33E07 /* DictionaryTests.swift */,
			);
			path = Extensions;
			sourceTree = "<group>";
		};
		E71BE71D23A63BF200F33E07 /* Data */ = {
			isa = PBXGroup;
			children = (
				E71BE71E23A63BFA00F33E07 /* Repositories */,
			);
			path = Data;
			sourceTree = "<group>";
		};
		E71BE71E23A63BFA00F33E07 /* Repositories */ = {
			isa = PBXGroup;
			children = (
				E71BE71F23A63C1100F33E07 /* WeatherRepositoryTests.swift */,
			);
			path = Repositories;
			sourceTree = "<group>";
		};
		E7752BD923A20E8F00D39364 /* Data */ = {
			isa = PBXGroup;
			children = (
				E71BE6F823A5CEA800F33E07 /* Persistence */,
				E78AB03B23A2758A005A4A16 /* Client Interfaces */,
				E78AB02D23A25E87005A4A16 /* Repositories */,
			);
			name = Data;
			path = ../Data;
			sourceTree = "<group>";
		};
		E7752BDA23A20E8F00D39364 /* Entities */ = {
			isa = PBXGroup;
			children = (
				E71BE6D523A315AF00F33E07 /* Detail.swift */,
				E71BE6D123A3159C00F33E07 /* Location.swift */,
				E71BE6D323A315A500F33E07 /* Temperature.swift */,
				E71BE6DC23A31F1000F33E07 /* Weather.swift */,
				E71BE6D723A315B600F33E07 /* Wind.swift */,
			);
			name = Entities;
			path = ../Entities;
			sourceTree = "<group>";
		};
		E7752BDB23A20E9000D39364 /* Domain */ = {
			isa = PBXGroup;
			children = (
				E78AB02523A258DD005A4A16 /* UseCases */,
			);
			name = Domain;
			path = ../Domain;
			sourceTree = "<group>";
		};
		E7752BDC23A20F4000D39364 /* Common */ = {
			isa = PBXGroup;
			children = (
				E71BE6D923A316ED00F33E07 /* Extensions */,
			);
			name = Common;
			path = ../Common;
			sourceTree = "<group>";
		};
		E7752BDD23A2331000D39364 /* AppDelegate */ = {
			isa = PBXGroup;
			children = (
				E7AA702223A20ADD0076A9E2 /* AppDelegate.swift */,
			);
			path = AppDelegate;
			sourceTree = "<group>";
		};
		E7752BDE23A2334D00D39364 /* Supporting Files */ = {
			isa = PBXGroup;
			children = (
				E70F0A1023A646E1000DD912 /* Fixtures */,
				E7AA702823A20ADE0076A9E2 /* Assets.xcassets */,
				E7AA703023A20ADE0076A9E2 /* Info.plist */,
				E7AA702D23A20ADE0076A9E2 /* LaunchScreen.storyboard */,
			);
			path = "Supporting Files";
			sourceTree = "<group>";
		};
		E7752BDF23A2341500D39364 /* Coordinators */ = {
			isa = PBXGroup;
			children = (
				E7752BE123A2344400D39364 /* Coordinator.swift */,
				E7752BE023A2343000D39364 /* AppCoordinator */,
				E71BE6DE23A4CE1700F33E07 /* Search */,
				E7752BE523A23C0C00D39364 /* Weather */,
			);
			path = Coordinators;
			sourceTree = "<group>";
		};
		E7752BE023A2343000D39364 /* AppCoordinator */ = {
			isa = PBXGroup;
			children = (
				E7752BE323A2348C00D39364 /* AppCoordinator.swift */,
			);
			path = AppCoordinator;
			sourceTree = "<group>";
		};
		E7752BE523A23C0C00D39364 /* Weather */ = {
			isa = PBXGroup;
			children = (
				E7752BE623A23C5400D39364 /* WeatherCoordinator.swift */,
			);
			path = Weather;
			sourceTree = "<group>";
		};
		E7752BE823A23CFD00D39364 /* Features */ = {
			isa = PBXGroup;
			children = (
				E71BE6E123A4CEE700F33E07 /* Search */,
				E7752BE923A23D0F00D39364 /* Weather */,
			);
			path = Features;
			sourceTree = "<group>";
		};
		E7752BE923A23D0F00D39364 /* Weather */ = {
			isa = PBXGroup;
			children = (
				E7752BEB23A23D3B00D39364 /* ViewControllers */,
				E7752BEA23A23D3700D39364 /* ViewModels */,
			);
			path = Weather;
			sourceTree = "<group>";
		};
		E7752BEA23A23D3700D39364 /* ViewModels */ = {
			isa = PBXGroup;
			children = (
				E7752BEC23A23D5900D39364 /* WeatherViewModel.swift */,
			);
			path = ViewModels;
			sourceTree = "<group>";
		};
		E7752BEB23A23D3B00D39364 /* ViewControllers */ = {
			isa = PBXGroup;
			children = (
				E78AB02323A2411B005A4A16 /* WeatherViewController.swift */,
			);
			path = ViewControllers;
			sourceTree = "<group>";
		};
		E78080C223A6513D0058BDB6 /* Domain */ = {
			isa = PBXGroup;
			children = (
				E78080C323A651430058BDB6 /* UseCases */,
			);
			path = Domain;
			sourceTree = "<group>";
		};
		E78080C323A651430058BDB6 /* UseCases */ = {
			isa = PBXGroup;
			children = (
				E78080C423A651770058BDB6 /* CurrentUserLocationUseCaseTests.swift */,
				E78080C623A656530058BDB6 /* FetchLastLocationWeatherUseCaseTests.swift */,
				E78080C823A6599C0058BDB6 /* FetchWeatherForCoordinateUseCaseTests.swift */,
				E78080CA23A65BCC0058BDB6 /* FetchWeatherForLocationUseCaseTests.swift */,
				E78080CC23A65FC80058BDB6 /* GetWeatherIconForLocationUseCaseTests.swift */,
				E78080CE23A6619D0058BDB6 /* RemoveStoredLocationUseCaseTests.swift */,
				E78080D023A663560058BDB6 /* RetrieveLastSearchedLocationUseCaseTests.swift */,
				E78080D223A663F40058BDB6 /* RetrieveSearchedLocationsUseCaseTests.swift */,
			);
			path = UseCases;
			sourceTree = "<group>";
		};
		E78AB02523A258DD005A4A16 /* UseCases */ = {
			isa = PBXGroup;
			children = (
				E78AB03123A25F4B005A4A16 /* Abstract UseCases */,
				E78AB02623A258ED005A4A16 /* Weather */,
			);
			path = UseCases;
			sourceTree = "<group>";
		};
		E78AB02623A258ED005A4A16 /* Weather */ = {
			isa = PBXGroup;
			children = (
				E71BE6EF23A50FB200F33E07 /* CurrentUserLocationUseCase.swift */,
				E78AB02923A2592C005A4A16 /* FetchLastLocationWeatherUseCase.swift */,
				E71BE6F323A516F300F33E07 /* FetchWeatherForCoordinateUseCase.swift */,
				E78AB02723A25913005A4A16 /* FetchWeatherForLocationUseCase.swift */,
				E78AB02B23A25944005A4A16 /* GetWeatherIconForLocationUseCase.swift */,
				E71BE70723A5F67500F33E07 /* RemoveStoredLocationUseCase.swift */,
				E71BE6FF23A5D5F400F33E07 /* RetrieveLastSearchedLocationUseCase.swift */,
				E71BE70523A5E2CD00F33E07 /* RetrieveSearchedLocationsUseCase.swift */,
				E71BE6FD23A5D4AF00F33E07 /* StoreSearchedLocationUseCase.swift */,
			);
			path = Weather;
			sourceTree = "<group>";
		};
		E78AB02D23A25E87005A4A16 /* Repositories */ = {
			isa = PBXGroup;
			children = (
				E78AB02E23A25E8F005A4A16 /* Weather */,
			);
			path = Repositories;
			sourceTree = "<group>";
		};
		E78AB02E23A25E8F005A4A16 /* Weather */ = {
			isa = PBXGroup;
			children = (
				E78AB02F23A25EA8005A4A16 /* WeatherRepository.swift */,
			);
			path = Weather;
			sourceTree = "<group>";
		};
		E78AB03123A25F4B005A4A16 /* Abstract UseCases */ = {
			isa = PBXGroup;
			children = (
				E78AB03223A25F66005A4A16 /* UseCase.swift */,
			);
			path = "Abstract UseCases";
			sourceTree = "<group>";
		};
		E78AB03423A27528005A4A16 /* Plugins */ = {
			isa = PBXGroup;
			children = (
				E71BE6F523A5CD9200F33E07 /* Persistence */,
				E71BE6EC23A504BD00F33E07 /* Location */,
				E78AB03523A27531005A4A16 /* Clients */,
			);
			path = Plugins;
			sourceTree = "<group>";
		};
		E78AB03523A27531005A4A16 /* Clients */ = {
			isa = PBXGroup;
			children = (
				E78AB03823A2755B005A4A16 /* Weather */,
			);
			path = Clients;
			sourceTree = "<group>";
		};
		E78AB03823A2755B005A4A16 /* Weather */ = {
			isa = PBXGroup;
			children = (
				E78AB03923A2756B005A4A16 /* WeatherClient.swift */,
			);
			path = Weather;
			sourceTree = "<group>";
		};
		E78AB03B23A2758A005A4A16 /* Client Interfaces */ = {
			isa = PBXGroup;
			children = (
				E78AB03F23A276B0005A4A16 /* Base */,
				E78AB03C23A27591005A4A16 /* Weather */,
			);
			path = "Client Interfaces";
			sourceTree = "<group>";
		};
		E78AB03C23A27591005A4A16 /* Weather */ = {
			isa = PBXGroup;
			children = (
				E78AB03D23A275BB005A4A16 /* WeatherClientInterface.swift */,
			);
			path = Weather;
			sourceTree = "<group>";
		};
		E78AB03F23A276B0005A4A16 /* Base */ = {
			isa = PBXGroup;
			children = (
				E78AB04123A276D3005A4A16 /* HttpClientInterface.swift */,
			);
			path = Base;
			sourceTree = "<group>";
		};
		E7AA701623A20ADD0076A9E2 = {
			isa = PBXGroup;
			children = (
				E71BE70A23A60ECC00F33E07 /* Sourcery */,
				E7752BDC23A20F4000D39364 /* Common */,
				E7752BD923A20E8F00D39364 /* Data */,
				E7752BDB23A20E9000D39364 /* Domain */,
				E7752BDA23A20E8F00D39364 /* Entities */,
				5DAECA0AFD735FEA0C1E7012 /* Frameworks */,
				A780D23F53AF7E92FAB8705B /* Pods */,
				E7AA702023A20ADD0076A9E2 /* Products */,
				E7AA702123A20ADD0076A9E2 /* WeatherApp */,
				E7AA703823A20ADE0076A9E2 /* WeatherAppTests */,
			);
			sourceTree = "<group>";
		};
		E7AA702023A20ADD0076A9E2 /* Products */ = {
			isa = PBXGroup;
			children = (
				E7AA701F23A20ADD0076A9E2 /* WeatherApp.app */,
				E7AA703523A20ADE0076A9E2 /* WeatherAppTests.xctest */,
			);
			name = Products;
			sourceTree = "<group>";
		};
		E7AA702123A20ADD0076A9E2 /* WeatherApp */ = {
			isa = PBXGroup;
			children = (
				E78AB03423A27528005A4A16 /* Plugins */,
				E7752BDD23A2331000D39364 /* AppDelegate */,
				E7752BDF23A2341500D39364 /* Coordinators */,
				E7752BE823A23CFD00D39364 /* Features */,
				E7752BDE23A2334D00D39364 /* Supporting Files */,
			);
			path = WeatherApp;
			sourceTree = "<group>";
		};
		E7AA703823A20ADE0076A9E2 /* WeatherAppTests */ = {
			isa = PBXGroup;
			children = (
				E78080C223A6513D0058BDB6 /* Domain */,
				E71BE71923A6373B00F33E07 /* Common */,
				E71BE71D23A63BF200F33E07 /* Data */,
				E7AA703B23A20ADE0076A9E2 /* Info.plist */,
				E70F0A1323A64756000DD912 /* Fixture.swift */,
			);
			path = WeatherAppTests;
			sourceTree = "<group>";
		};
/* End PBXGroup section */

/* Begin PBXNativeTarget section */
		E7AA701E23A20ADD0076A9E2 /* WeatherApp */ = {
			isa = PBXNativeTarget;
			buildConfigurationList = E7AA703E23A20ADE0076A9E2 /* Build configuration list for PBXNativeTarget "WeatherApp" */;
			buildPhases = (
				51D3F72417C07DD56A1BC763 /* [CP] Check Pods Manifest.lock */,
				E71BE70923A60B0F00F33E07 /* Run Sourcery */,
				E7AA701B23A20ADD0076A9E2 /* Sources */,
				E7AA701C23A20ADD0076A9E2 /* Frameworks */,
				E7AA701D23A20ADD0076A9E2 /* Resources */,
				B0DABA15FA227A96C7366D17 /* [CP] Embed Pods Frameworks */,
			);
			buildRules = (
			);
			dependencies = (
			);
			name = WeatherApp;
			productName = WeatherApp;
			productReference = E7AA701F23A20ADD0076A9E2 /* WeatherApp.app */;
			productType = "com.apple.product-type.application";
		};
		E7AA703423A20ADE0076A9E2 /* WeatherAppTests */ = {
			isa = PBXNativeTarget;
			buildConfigurationList = E7AA704123A20ADE0076A9E2 /* Build configuration list for PBXNativeTarget "WeatherAppTests" */;
			buildPhases = (
				E7AA703123A20ADE0076A9E2 /* Sources */,
				E7AA703223A20ADE0076A9E2 /* Frameworks */,
				E7AA703323A20ADE0076A9E2 /* Resources */,
			);
			buildRules = (
			);
			dependencies = (
				E7AA703723A20ADE0076A9E2 /* PBXTargetDependency */,
			);
			name = WeatherAppTests;
			productName = WeatherAppTests;
			productReference = E7AA703523A20ADE0076A9E2 /* WeatherAppTests.xctest */;
			productType = "com.apple.product-type.bundle.unit-test";
		};
/* End PBXNativeTarget section */

/* Begin PBXProject section */
		E7AA701723A20ADD0076A9E2 /* Project object */ = {
			isa = PBXProject;
			attributes = {
				LastSwiftUpdateCheck = 1130;
				LastUpgradeCheck = 1130;
				ORGANIZATIONNAME = Vitor;
				TargetAttributes = {
					E7AA701E23A20ADD0076A9E2 = {
						CreatedOnToolsVersion = 11.3;
					};
					E7AA703423A20ADE0076A9E2 = {
						CreatedOnToolsVersion = 11.3;
						LastSwiftMigration = 1130;
						TestTargetID = E7AA701E23A20ADD0076A9E2;
					};
				};
			};
			buildConfigurationList = E7AA701A23A20ADD0076A9E2 /* Build configuration list for PBXProject "WeatherApp" */;
			compatibilityVersion = "Xcode 9.3";
			developmentRegion = en;
			hasScannedForEncodings = 0;
			knownRegions = (
				en,
				Base,
			);
			mainGroup = E7AA701623A20ADD0076A9E2;
			productRefGroup = E7AA702023A20ADD0076A9E2 /* Products */;
			projectDirPath = "";
			projectRoot = "";
			targets = (
				E7AA701E23A20ADD0076A9E2 /* WeatherApp */,
				E7AA703423A20ADE0076A9E2 /* WeatherAppTests */,
			);
		};
/* End PBXProject section */

/* Begin PBXResourcesBuildPhase section */
		E7AA701D23A20ADD0076A9E2 /* Resources */ = {
			isa = PBXResourcesBuildPhase;
			buildActionMask = 2147483647;
			files = (
				E7AA702F23A20ADE0076A9E2 /* LaunchScreen.storyboard in Resources */,
				E7AA702923A20ADE0076A9E2 /* Assets.xcassets in Resources */,
				E78080C123A64B760058BDB6 /* sample_successful_request.fixture in Resources */,
			);
			runOnlyForDeploymentPostprocessing = 0;
		};
		E7AA703323A20ADE0076A9E2 /* Resources */ = {
			isa = PBXResourcesBuildPhase;
			buildActionMask = 2147483647;
			files = (
			);
			runOnlyForDeploymentPostprocessing = 0;
		};
/* End PBXResourcesBuildPhase section */

/* Begin PBXShellScriptBuildPhase section */
		51D3F72417C07DD56A1BC763 /* [CP] Check Pods Manifest.lock */ = {
			isa = PBXShellScriptBuildPhase;
			buildActionMask = 2147483647;
			files = (
			);
			inputFileListPaths = (
			);
			inputPaths = (
				"${PODS_PODFILE_DIR_PATH}/Podfile.lock",
				"${PODS_ROOT}/Manifest.lock",
			);
			name = "[CP] Check Pods Manifest.lock";
			outputFileListPaths = (
			);
			outputPaths = (
				"$(DERIVED_FILE_DIR)/Pods-WeatherApp-checkManifestLockResult.txt",
			);
			runOnlyForDeploymentPostprocessing = 0;
			shellPath = /bin/sh;
			shellScript = "diff \"${PODS_PODFILE_DIR_PATH}/Podfile.lock\" \"${PODS_ROOT}/Manifest.lock\" > /dev/null\nif [ $? != 0 ] ; then\n    # print error to STDERR\n    echo \"error: The sandbox is not in sync with the Podfile.lock. Run 'pod install' or update your CocoaPods installation.\" >&2\n    exit 1\nfi\n# This output is used by Xcode 'outputs' to avoid re-running this script phase.\necho \"SUCCESS\" > \"${SCRIPT_OUTPUT_FILE_0}\"\n";
			showEnvVarsInLog = 0;
		};
		B0DABA15FA227A96C7366D17 /* [CP] Embed Pods Frameworks */ = {
			isa = PBXShellScriptBuildPhase;
			buildActionMask = 2147483647;
			files = (
			);
			inputFileListPaths = (
				"${PODS_ROOT}/Target Support Files/Pods-WeatherApp/Pods-WeatherApp-frameworks-${CONFIGURATION}-input-files.xcfilelist",
			);
			name = "[CP] Embed Pods Frameworks";
			outputFileListPaths = (
				"${PODS_ROOT}/Target Support Files/Pods-WeatherApp/Pods-WeatherApp-frameworks-${CONFIGURATION}-output-files.xcfilelist",
			);
			runOnlyForDeploymentPostprocessing = 0;
			shellPath = /bin/sh;
			shellScript = "\"${PODS_ROOT}/Target Support Files/Pods-WeatherApp/Pods-WeatherApp-frameworks.sh\"\n";
			showEnvVarsInLog = 0;
		};
		E71BE70923A60B0F00F33E07 /* Run Sourcery */ = {
			isa = PBXShellScriptBuildPhase;
			buildActionMask = 2147483647;
			files = (
			);
			inputFileListPaths = (
			);
			inputPaths = (
			);
			name = "Run Sourcery";
			outputFileListPaths = (
			);
			outputPaths = (
			);
			runOnlyForDeploymentPostprocessing = 0;
			shellPath = /bin/sh;
			shellScript = "\"$PODS_ROOT/Sourcery/bin/sourcery\" --sources \"${SRCROOT}/../Domain/\" --sources \"${SRCROOT}/../Common\" --sources \"${SRCROOT}/../Data\" --sources \"${SRCROOT}/WeatherApp/Coordinators/\" --sources \"${SRCROOT}/WeatherApp/Features/\" --sources \"${SRCROOT}/WeatherApp/Plugins/\" --templates \"${SRCROOT}/../Sourcery/Templates\" --output \"${SRCROOT}/../Sourcery/Generated\"\n";
		};
/* End PBXShellScriptBuildPhase section */

/* Begin PBXSourcesBuildPhase section */
		E7AA701B23A20ADD0076A9E2 /* Sources */ = {
			isa = PBXSourcesBuildPhase;
			buildActionMask = 2147483647;
			files = (
				E71BE6E523A4CF0600F33E07 /* SearchViewModel.swift in Sources */,
				E71BE6FA23A5CEC000F33E07 /* PersistenceInterface.swift in Sources */,
				E78AB04223A276D3005A4A16 /* HttpClientInterface.swift in Sources */,
				E71BE6EE23A504CC00F33E07 /* LocationWrapper.swift in Sources */,
				E71BE6FC23A5CF8C00F33E07 /* UserDefaultsInterface.swift in Sources */,
				E78AB02A23A2592C005A4A16 /* FetchLastLocationWeatherUseCase.swift in Sources */,
				E71BE6DB23A316F700F33E07 /* Dictionary.swift in Sources */,
				E71BE70823A5F67500F33E07 /* RemoveStoredLocationUseCase.swift in Sources */,
				E7752BED23A23D5900D39364 /* WeatherViewModel.swift in Sources */,
				E71BE6DD23A31F1000F33E07 /* Weather.swift in Sources */,
				E78AB03023A25EA8005A4A16 /* WeatherRepository.swift in Sources */,
				E71BE6F023A50FB200F33E07 /* CurrentUserLocationUseCase.swift in Sources */,
				E71BE70023A5D5F400F33E07 /* RetrieveLastSearchedLocationUseCase.swift in Sources */,
				E78AB02C23A25944005A4A16 /* GetWeatherIconForLocationUseCase.swift in Sources */,
				E78AB02423A2411B005A4A16 /* WeatherViewController.swift in Sources */,
				E78AB03E23A275BB005A4A16 /* WeatherClientInterface.swift in Sources */,
				E71BE6D223A3159C00F33E07 /* Location.swift in Sources */,
				E71BE6D423A315A500F33E07 /* Temperature.swift in Sources */,
				E78AB03A23A2756B005A4A16 /* WeatherClient.swift in Sources */,
				E71BE71523A60ECC00F33E07 /* AutoMockable.generated.swift in Sources */,
				E71BE6E923A4CF1C00F33E07 /* SearchViewController.swift in Sources */,
				E71BE71823A60EE400F33E07 /* SourceryProtocols.swift in Sources */,
				E71BE6EB23A4D29F00F33E07 /* UIViewController.swift in Sources */,
				E71BE6F723A5CDC100F33E07 /* Persistence.swift in Sources */,
				E78AB03323A25F66005A4A16 /* UseCase.swift in Sources */,
				E71BE6E023A4CE2800F33E07 /* SearchCoordinator.swift in Sources */,
				E71BE6FE23A5D4AF00F33E07 /* StoreSearchedLocationUseCase.swift in Sources */,
				E71BE6D823A315B600F33E07 /* Wind.swift in Sources */,
				E7752BE423A2348C00D39364 /* AppCoordinator.swift in Sources */,
				E7752BE223A2344500D39364 /* Coordinator.swift in Sources */,
				E71BE70623A5E2CD00F33E07 /* RetrieveSearchedLocationsUseCase.swift in Sources */,
				E71BE6F423A516F300F33E07 /* FetchWeatherForCoordinateUseCase.swift in Sources */,
				E71BE6D623A315AF00F33E07 /* Detail.swift in Sources */,
				E78AB02823A25913005A4A16 /* FetchWeatherForLocationUseCase.swift in Sources */,
				E7AA702323A20ADD0076A9E2 /* AppDelegate.swift in Sources */,
				E71BE70423A5DB4C00F33E07 /* RecentSearchesDataSource.swift in Sources */,
				E7752BE723A23C5400D39364 /* WeatherCoordinator.swift in Sources */,
			);
			runOnlyForDeploymentPostprocessing = 0;
		};
		E7AA703123A20ADE0076A9E2 /* Sources */ = {
			isa = PBXSourcesBuildPhase;
			buildActionMask = 2147483647;
			files = (
				E78080C723A656530058BDB6 /* FetchLastLocationWeatherUseCaseTests.swift in Sources */,
				E71BE72023A63C1100F33E07 /* WeatherRepositoryTests.swift in Sources */,
				E78080CF23A6619D0058BDB6 /* RemoveStoredLocationUseCaseTests.swift in Sources */,
				E71BE71C23A6375E00F33E07 /* DictionaryTests.swift in Sources */,
				E78080D323A663F40058BDB6 /* RetrieveSearchedLocationsUseCaseTests.swift in Sources */,
				E78080CD23A65FC80058BDB6 /* GetWeatherIconForLocationUseCaseTests.swift in Sources */,
				E78080C923A6599C0058BDB6 /* FetchWeatherForCoordinateUseCaseTests.swift in Sources */,
				E70F0A1423A64756000DD912 /* Fixture.swift in Sources */,
				E78080C523A651770058BDB6 /* CurrentUserLocationUseCaseTests.swift in Sources */,
				E78080CB23A65BCC0058BDB6 /* FetchWeatherForLocationUseCaseTests.swift in Sources */,
				E78080D123A663560058BDB6 /* RetrieveLastSearchedLocationUseCaseTests.swift in Sources */,
			);
			runOnlyForDeploymentPostprocessing = 0;
		};
/* End PBXSourcesBuildPhase section */

/* Begin PBXTargetDependency section */
		E7AA703723A20ADE0076A9E2 /* PBXTargetDependency */ = {
			isa = PBXTargetDependency;
			target = E7AA701E23A20ADD0076A9E2 /* WeatherApp */;
			targetProxy = E7AA703623A20ADE0076A9E2 /* PBXContainerItemProxy */;
		};
/* End PBXTargetDependency section */

/* Begin PBXVariantGroup section */
		E7AA702D23A20ADE0076A9E2 /* LaunchScreen.storyboard */ = {
			isa = PBXVariantGroup;
			children = (
				E7AA702E23A20ADE0076A9E2 /* Base */,
			);
			name = LaunchScreen.storyboard;
			sourceTree = "<group>";
		};
/* End PBXVariantGroup section */

/* Begin XCBuildConfiguration section */
		E7AA703C23A20ADE0076A9E2 /* Debug */ = {
			isa = XCBuildConfiguration;
			buildSettings = {
				ALWAYS_SEARCH_USER_PATHS = NO;
				CLANG_ANALYZER_NONNULL = YES;
				CLANG_ANALYZER_NUMBER_OBJECT_CONVERSION = YES_AGGRESSIVE;
				CLANG_CXX_LANGUAGE_STANDARD = "gnu++14";
				CLANG_CXX_LIBRARY = "libc++";
				CLANG_ENABLE_MODULES = YES;
				CLANG_ENABLE_OBJC_ARC = YES;
				CLANG_ENABLE_OBJC_WEAK = YES;
				CLANG_WARN_BLOCK_CAPTURE_AUTORELEASING = YES;
				CLANG_WARN_BOOL_CONVERSION = YES;
				CLANG_WARN_COMMA = YES;
				CLANG_WARN_CONSTANT_CONVERSION = YES;
				CLANG_WARN_DEPRECATED_OBJC_IMPLEMENTATIONS = YES;
				CLANG_WARN_DIRECT_OBJC_ISA_USAGE = YES_ERROR;
				CLANG_WARN_DOCUMENTATION_COMMENTS = YES;
				CLANG_WARN_EMPTY_BODY = YES;
				CLANG_WARN_ENUM_CONVERSION = YES;
				CLANG_WARN_INFINITE_RECURSION = YES;
				CLANG_WARN_INT_CONVERSION = YES;
				CLANG_WARN_NON_LITERAL_NULL_CONVERSION = YES;
				CLANG_WARN_OBJC_IMPLICIT_RETAIN_SELF = YES;
				CLANG_WARN_OBJC_LITERAL_CONVERSION = YES;
				CLANG_WARN_OBJC_ROOT_CLASS = YES_ERROR;
				CLANG_WARN_RANGE_LOOP_ANALYSIS = YES;
				CLANG_WARN_STRICT_PROTOTYPES = YES;
				CLANG_WARN_SUSPICIOUS_MOVE = YES;
				CLANG_WARN_UNGUARDED_AVAILABILITY = YES_AGGRESSIVE;
				CLANG_WARN_UNREACHABLE_CODE = YES;
				CLANG_WARN__DUPLICATE_METHOD_MATCH = YES;
				COPY_PHASE_STRIP = NO;
				DEBUG_INFORMATION_FORMAT = dwarf;
				ENABLE_STRICT_OBJC_MSGSEND = YES;
				ENABLE_TESTABILITY = YES;
				GCC_C_LANGUAGE_STANDARD = gnu11;
				GCC_DYNAMIC_NO_PIC = NO;
				GCC_NO_COMMON_BLOCKS = YES;
				GCC_OPTIMIZATION_LEVEL = 0;
				GCC_PREPROCESSOR_DEFINITIONS = (
					"DEBUG=1",
					"$(inherited)",
				);
				GCC_WARN_64_TO_32_BIT_CONVERSION = YES;
				GCC_WARN_ABOUT_RETURN_TYPE = YES_ERROR;
				GCC_WARN_UNDECLARED_SELECTOR = YES;
				GCC_WARN_UNINITIALIZED_AUTOS = YES_AGGRESSIVE;
				GCC_WARN_UNUSED_FUNCTION = YES;
				GCC_WARN_UNUSED_VARIABLE = YES;
				IPHONEOS_DEPLOYMENT_TARGET = 13.2;
				MTL_ENABLE_DEBUG_INFO = INCLUDE_SOURCE;
				MTL_FAST_MATH = YES;
				ONLY_ACTIVE_ARCH = YES;
				SDKROOT = iphoneos;
				SWIFT_ACTIVE_COMPILATION_CONDITIONS = DEBUG;
				SWIFT_OPTIMIZATION_LEVEL = "-Onone";
			};
			name = Debug;
		};
		E7AA703D23A20ADE0076A9E2 /* Release */ = {
			isa = XCBuildConfiguration;
			buildSettings = {
				ALWAYS_SEARCH_USER_PATHS = NO;
				CLANG_ANALYZER_NONNULL = YES;
				CLANG_ANALYZER_NUMBER_OBJECT_CONVERSION = YES_AGGRESSIVE;
				CLANG_CXX_LANGUAGE_STANDARD = "gnu++14";
				CLANG_CXX_LIBRARY = "libc++";
				CLANG_ENABLE_MODULES = YES;
				CLANG_ENABLE_OBJC_ARC = YES;
				CLANG_ENABLE_OBJC_WEAK = YES;
				CLANG_WARN_BLOCK_CAPTURE_AUTORELEASING = YES;
				CLANG_WARN_BOOL_CONVERSION = YES;
				CLANG_WARN_COMMA = YES;
				CLANG_WARN_CONSTANT_CONVERSION = YES;
				CLANG_WARN_DEPRECATED_OBJC_IMPLEMENTATIONS = YES;
				CLANG_WARN_DIRECT_OBJC_ISA_USAGE = YES_ERROR;
				CLANG_WARN_DOCUMENTATION_COMMENTS = YES;
				CLANG_WARN_EMPTY_BODY = YES;
				CLANG_WARN_ENUM_CONVERSION = YES;
				CLANG_WARN_INFINITE_RECURSION = YES;
				CLANG_WARN_INT_CONVERSION = YES;
				CLANG_WARN_NON_LITERAL_NULL_CONVERSION = YES;
				CLANG_WARN_OBJC_IMPLICIT_RETAIN_SELF = YES;
				CLANG_WARN_OBJC_LITERAL_CONVERSION = YES;
				CLANG_WARN_OBJC_ROOT_CLASS = YES_ERROR;
				CLANG_WARN_RANGE_LOOP_ANALYSIS = YES;
				CLANG_WARN_STRICT_PROTOTYPES = YES;
				CLANG_WARN_SUSPICIOUS_MOVE = YES;
				CLANG_WARN_UNGUARDED_AVAILABILITY = YES_AGGRESSIVE;
				CLANG_WARN_UNREACHABLE_CODE = YES;
				CLANG_WARN__DUPLICATE_METHOD_MATCH = YES;
				COPY_PHASE_STRIP = NO;
				DEBUG_INFORMATION_FORMAT = "dwarf-with-dsym";
				ENABLE_NS_ASSERTIONS = NO;
				ENABLE_STRICT_OBJC_MSGSEND = YES;
				GCC_C_LANGUAGE_STANDARD = gnu11;
				GCC_NO_COMMON_BLOCKS = YES;
				GCC_WARN_64_TO_32_BIT_CONVERSION = YES;
				GCC_WARN_ABOUT_RETURN_TYPE = YES_ERROR;
				GCC_WARN_UNDECLARED_SELECTOR = YES;
				GCC_WARN_UNINITIALIZED_AUTOS = YES_AGGRESSIVE;
				GCC_WARN_UNUSED_FUNCTION = YES;
				GCC_WARN_UNUSED_VARIABLE = YES;
				IPHONEOS_DEPLOYMENT_TARGET = 13.2;
				MTL_ENABLE_DEBUG_INFO = NO;
				MTL_FAST_MATH = YES;
				SDKROOT = iphoneos;
				SWIFT_COMPILATION_MODE = wholemodule;
				SWIFT_OPTIMIZATION_LEVEL = "-O";
				VALIDATE_PRODUCT = YES;
			};
			name = Release;
		};
		E7AA703F23A20ADE0076A9E2 /* Debug */ = {
			isa = XCBuildConfiguration;
			baseConfigurationReference = F4E3236BCE687E47F29D05E6 /* Pods-WeatherApp.debug.xcconfig */;
			buildSettings = {
				ASSETCATALOG_COMPILER_APPICON_NAME = AppIcon;
				CODE_SIGN_STYLE = Automatic;
				DEVELOPMENT_ASSET_PATHS = "";
				ENABLE_PREVIEWS = YES;
				INFOPLIST_FILE = "WeatherApp/Supporting Files/Info.plist";
				LD_RUNPATH_SEARCH_PATHS = (
					"$(inherited)",
					"@executable_path/Frameworks",
				);
				PRODUCT_BUNDLE_IDENTIFIER = com.vitorll.WeatherApp;
				PRODUCT_NAME = "$(TARGET_NAME)";
				SWIFT_VERSION = 5.0;
				TARGETED_DEVICE_FAMILY = "1,2";
			};
			name = Debug;
		};
		E7AA704023A20ADE0076A9E2 /* Release */ = {
			isa = XCBuildConfiguration;
			baseConfigurationReference = 5575FE91E7746AB13C96DB97 /* Pods-WeatherApp.release.xcconfig */;
			buildSettings = {
				ASSETCATALOG_COMPILER_APPICON_NAME = AppIcon;
				CODE_SIGN_STYLE = Automatic;
				DEVELOPMENT_ASSET_PATHS = "";
				ENABLE_PREVIEWS = YES;
				INFOPLIST_FILE = "WeatherApp/Supporting Files/Info.plist";
				LD_RUNPATH_SEARCH_PATHS = (
					"$(inherited)",
					"@executable_path/Frameworks",
				);
				PRODUCT_BUNDLE_IDENTIFIER = com.vitorll.WeatherApp;
				PRODUCT_NAME = "$(TARGET_NAME)";
				SWIFT_VERSION = 5.0;
				TARGETED_DEVICE_FAMILY = "1,2";
			};
			name = Release;
		};
		E7AA704223A20ADE0076A9E2 /* Debug */ = {
			isa = XCBuildConfiguration;
			buildSettings = {
				ALWAYS_EMBED_SWIFT_STANDARD_LIBRARIES = YES;
				BUNDLE_LOADER = "$(TEST_HOST)";
				CLANG_ENABLE_MODULES = YES;
				CODE_SIGN_STYLE = Automatic;
				INFOPLIST_FILE = WeatherAppTests/Info.plist;
				IPHONEOS_DEPLOYMENT_TARGET = 13.2;
				LD_RUNPATH_SEARCH_PATHS = (
					"$(inherited)",
					"@executable_path/Frameworks",
					"@loader_path/Frameworks",
				);
				PRODUCT_BUNDLE_IDENTIFIER = com.vitorll.WeatherAppTests;
				PRODUCT_NAME = "$(TARGET_NAME)";
				SWIFT_OPTIMIZATION_LEVEL = "-Onone";
				SWIFT_VERSION = 5.0;
				TARGETED_DEVICE_FAMILY = "1,2";
				TEST_HOST = "$(BUILT_PRODUCTS_DIR)/WeatherApp.app/WeatherApp";
			};
			name = Debug;
		};
		E7AA704323A20ADE0076A9E2 /* Release */ = {
			isa = XCBuildConfiguration;
			buildSettings = {
				ALWAYS_EMBED_SWIFT_STANDARD_LIBRARIES = YES;
				BUNDLE_LOADER = "$(TEST_HOST)";
				CLANG_ENABLE_MODULES = YES;
				CODE_SIGN_STYLE = Automatic;
				INFOPLIST_FILE = WeatherAppTests/Info.plist;
				IPHONEOS_DEPLOYMENT_TARGET = 13.2;
				LD_RUNPATH_SEARCH_PATHS = (
					"$(inherited)",
					"@executable_path/Frameworks",
					"@loader_path/Frameworks",
				);
				PRODUCT_BUNDLE_IDENTIFIER = com.vitorll.WeatherAppTests;
				PRODUCT_NAME = "$(TARGET_NAME)";
				SWIFT_VERSION = 5.0;
				TARGETED_DEVICE_FAMILY = "1,2";
				TEST_HOST = "$(BUILT_PRODUCTS_DIR)/WeatherApp.app/WeatherApp";
			};
			name = Release;
		};
/* End XCBuildConfiguration section */

/* Begin XCConfigurationList section */
		E7AA701A23A20ADD0076A9E2 /* Build configuration list for PBXProject "WeatherApp" */ = {
			isa = XCConfigurationList;
			buildConfigurations = (
				E7AA703C23A20ADE0076A9E2 /* Debug */,
				E7AA703D23A20ADE0076A9E2 /* Release */,
			);
			defaultConfigurationIsVisible = 0;
			defaultConfigurationName = Release;
		};
		E7AA703E23A20ADE0076A9E2 /* Build configuration list for PBXNativeTarget "WeatherApp" */ = {
			isa = XCConfigurationList;
			buildConfigurations = (
				E7AA703F23A20ADE0076A9E2 /* Debug */,
				E7AA704023A20ADE0076A9E2 /* Release */,
			);
			defaultConfigurationIsVisible = 0;
			defaultConfigurationName = Release;
		};
		E7AA704123A20ADE0076A9E2 /* Build configuration list for PBXNativeTarget "WeatherAppTests" */ = {
			isa = XCConfigurationList;
			buildConfigurations = (
				E7AA704223A20ADE0076A9E2 /* Debug */,
				E7AA704323A20ADE0076A9E2 /* Release */,
			);
			defaultConfigurationIsVisible = 0;
			defaultConfigurationName = Release;
		};
/* End XCConfigurationList section */
	};
	rootObject = E7AA701723A20ADD0076A9E2 /* Project object */;
}
